
Microsoft Visual Studio Solution File, Format Version 12.00
# Visual Studio Version 17
VisualStudioVersion = 17.0.31903.59
MinimumVisualStudioVersion = 10.0.40219.1
Project("{FAE04EC0-301F-11D3-BF4B-00C04F79EFBC}") = "Payment.Domain", "Payment.Domain\Payment.Domain.csproj", "{FBB498F4-9B4E-49B7-9C03-9E615A87B818}"
EndProject
Project("{FAE04EC0-301F-11D3-BF4B-00C04F79EFBC}") = "Payment.Domain.Tests", "Payment.Domain.Tests\Payment.Domain.Tests.csproj", "{E2362B99-7F0B-401F-BAAE-273E5E5E4387}"
EndProject
Global
	GlobalSection(SolutionConfigurationPlatforms) = preSolution
		Debug|Any CPU = Debug|Any CPU
		Debug|x64 = Debug|x64
		Debug|x86 = Debug|x86
		Release|Any CPU = Release|Any CPU
		Release|x64 = Release|x64
		Release|x86 = Release|x86
	EndGlobalSection
	GlobalSection(ProjectConfigurationPlatforms) = postSolution
		{FBB498F4-9B4E-49B7-9C03-9E615A87B818}.Debug|Any CPU.ActiveCfg = Debug|Any CPU
		{FBB498F4-9B4E-49B7-9C03-9E615A87B818}.Debug|Any CPU.Build.0 = Debug|Any CPU
		{FBB498F4-9B4E-49B7-9C03-9E615A87B818}.Debug|x64.ActiveCfg = Debug|Any CPU
		{FBB498F4-9B4E-49B7-9C03-9E615A87B818}.Debug|x64.Build.0 = Debug|Any CPU
		{FBB498F4-9B4E-49B7-9C03-9E615A87B818}.Debug|x86.ActiveCfg = Debug|Any CPU
		{FBB498F4-9B4E-49B7-9C03-9E615A87B818}.Debug|x86.Build.0 = Debug|Any CPU
		{FBB498F4-9B4E-49B7-9C03-9E615A87B818}.Release|Any CPU.ActiveCfg = Release|Any CPU
		{FBB498F4-9B4E-49B7-9C03-9E615A87B818}.Release|Any CPU.Build.0 = Release|Any CPU
		{FBB498F4-9B4E-49B7-9C03-9E615A87B818}.Release|x64.ActiveCfg = Release|Any CPU
		{FBB498F4-9B4E-49B7-9C03-9E615A87B818}.Release|x64.Build.0 = Release|Any CPU
		{FBB498F4-9B4E-49B7-9C03-9E615A87B818}.Release|x86.ActiveCfg = Release|Any CPU
		{FBB498F4-9B4E-49B7-9C03-9E615A87B818}.Release|x86.Build.0 = Release|Any CPU
		{E2362B99-7F0B-401F-BAAE-273E5E5E4387}.Debug|Any CPU.ActiveCfg = Debug|Any CPU
		{E2362B99-7F0B-401F-BAAE-273E5E5E4387}.Debug|Any CPU.Build.0 = Debug|Any CPU
		{E2362B99-7F0B-401F-BAAE-273E5E5E4387}.Debug|x64.ActiveCfg = Debug|Any CPU
		{E2362B99-7F0B-401F-BAAE-273E5E5E4387}.Debug|x64.Build.0 = Debug|Any CPU
		{E2362B99-7F0B-401F-BAAE-273E5E5E4387}.Debug|x86.ActiveCfg = Debug|Any CPU
		{E2362B99-7F0B-401F-BAAE-273E5E5E4387}.Debug|x86.Build.0 = Debug|Any CPU
		{E2362B99-7F0B-401F-BAAE-273E5E5E4387}.Release|Any CPU.ActiveCfg = Release|Any CPU
		{E2362B99-7F0B-401F-BAAE-273E5E5E4387}.Release|Any CPU.Build.0 = Release|Any CPU
		{E2362B99-7F0B-401F-BAAE-273E5E5E4387}.Release|x64.ActiveCfg = Release|Any CPU
		{E2362B99-7F0B-401F-BAAE-273E5E5E4387}.Release|x64.Build.0 = Release|Any CPU
		{E2362B99-7F0B-401F-BAAE-273E5E5E4387}.Release|x86.ActiveCfg = Release|Any CPU
		{E2362B99-7F0B-401F-BAAE-273E5E5E4387}.Release|x86.Build.0 = Release|Any CPU
	EndGlobalSection
	GlobalSection(SolutionProperties) = preSolution
		HideSolutionNode = FALSE
	EndGlobalSection
EndGlobal
